
Microsoft Visual Studio Solution File, Format Version 12.00
# Visual Studio Version 16
VisualStudioVersion = 16.0.30717.126
MinimumVisualStudioVersion = 10.0.40219.1
Project("{9A19103F-16F7-4668-BE54-9A1E7A4F7556}") = "DeusVultClicker.Server", "Server\DeusVultClicker.Server.csproj", "{654EA9ED-F6E4-4BC7-94FD-C9F78E51D12E}"
EndProject
Project("{9A19103F-16F7-4668-BE54-9A1E7A4F7556}") = "DeusVultClicker.Client", "Client\DeusVultClicker.Client.csproj", "{481E26B6-22E9-4287-9D68-6C03AE29651D}"
EndProject
Project("{9A19103F-16F7-4668-BE54-9A1E7A4F7556}") = "DeusVultClicker.Shared", "Shared\DeusVultClicker.Shared.csproj", "{2755B6B2-CC84-4A6C-8AD0-D55859828FE4}"
EndProject
Project("{9A19103F-16F7-4668-BE54-9A1E7A4F7556}") = "DeusVultClicker.Client.Test", "Test\DeusVultClicker.Client.Test.csproj", "{69644CE2-94FD-481D-AD77-7AA9478EC2D4}"
EndProject
Global
	GlobalSection(SolutionConfigurationPlatforms) = preSolution
		Debug|Any CPU = Debug|Any CPU
		Release|Any CPU = Release|Any CPU
	EndGlobalSection
	GlobalSection(ProjectConfigurationPlatforms) = postSolution
		{654EA9ED-F6E4-4BC7-94FD-C9F78E51D12E}.Debug|Any CPU.ActiveCfg = Debug|Any CPU
		{654EA9ED-F6E4-4BC7-94FD-C9F78E51D12E}.Debug|Any CPU.Build.0 = Debug|Any CPU
		{654EA9ED-F6E4-4BC7-94FD-C9F78E51D12E}.Release|Any CPU.ActiveCfg = Release|Any CPU
		{654EA9ED-F6E4-4BC7-94FD-C9F78E51D12E}.Release|Any CPU.Build.0 = Release|Any CPU
		{481E26B6-22E9-4287-9D68-6C03AE29651D}.Debug|Any CPU.ActiveCfg = Debug|Any CPU
		{481E26B6-22E9-4287-9D68-6C03AE29651D}.Debug|Any CPU.Build.0 = Debug|Any CPU
		{481E26B6-22E9-4287-9D68-6C03AE29651D}.Release|Any CPU.ActiveCfg = Release|Any CPU
		{481E26B6-22E9-4287-9D68-6C03AE29651D}.Release|Any CPU.Build.0 = Release|Any CPU
		{2755B6B2-CC84-4A6C-8AD0-D55859828FE4}.Debug|Any CPU.ActiveCfg = Debug|Any CPU
		{2755B6B2-CC84-4A6C-8AD0-D55859828FE4}.Debug|Any CPU.Build.0 = Debug|Any CPU
		{2755B6B2-CC84-4A6C-8AD0-D55859828FE4}.Release|Any CPU.ActiveCfg = Release|Any CPU
		{2755B6B2-CC84-4A6C-8AD0-D55859828FE4}.Release|Any CPU.Build.0 = Release|Any CPU
		{69644CE2-94FD-481D-AD77-7AA9478EC2D4}.Debug|Any CPU.ActiveCfg = Debug|Any CPU
		{69644CE2-94FD-481D-AD77-7AA9478EC2D4}.Debug|Any CPU.Build.0 = Debug|Any CPU
		{69644CE2-94FD-481D-AD77-7AA9478EC2D4}.Release|Any CPU.ActiveCfg = Release|Any CPU
		{69644CE2-94FD-481D-AD77-7AA9478EC2D4}.Release|Any CPU.Build.0 = Release|Any CPU
	EndGlobalSection
	GlobalSection(SolutionProperties) = preSolution
		HideSolutionNode = FALSE
	EndGlobalSection
	GlobalSection(ExtensibilityGlobals) = postSolution
		SolutionGuid = {4F1AB38B-092E-41FF-B42F-E6BFB58933C0}
	EndGlobalSection
EndGlobal
